
Microsoft Visual Studio Solution File, Format Version 12.00
# Visual Studio Version 17
VisualStudioVersion = 17.8.34316.72
MinimumVisualStudioVersion = 10.0.40219.1
Project("{9A19103F-16F7-4668-BE54-9A1E7A4F7556}") = "LCUltrawide", "LCUltrawide.csproj", "{39D83F62-9B72-46AB-8D12-4F22B47A07AF}"
EndProject
Global
	GlobalSection(SolutionConfigurationPlatforms) = preSolution
		Debug|Any CPU = Debug|Any CPU
		Release|Any CPU = Release|Any CPU
	EndGlobalSection
	GlobalSection(ProjectConfigurationPlatforms) = postSolution
		{39D83F62-9B72-46AB-8D12-4F22B47A07AF}.Debug|Any CPU.ActiveCfg = Debug|Any CPU
		{39D83F62-9B72-46AB-8D12-4F22B47A07AF}.Debug|Any CPU.Build.0 = Debug|Any CPU
		{39D83F62-9B72-46AB-8D12-4F22B47A07AF}.Release|Any CPU.ActiveCfg = Release|Any CPU
		{39D83F62-9B72-46AB-8D12-4F22B47A07AF}.Release|Any CPU.Build.0 = Release|Any CPU
	EndGlobalSection
	GlobalSection(SolutionProperties) = preSolution
		HideSolutionNode = FALSE
	EndGlobalSection
	GlobalSection(ExtensibilityGlobals) = postSolution
		SolutionGuid = {C7C88A65-0351-44D6-ACE1-ECC73B179CD4}
	EndGlobalSection
EndGlobal
